
Microsoft Visual Studio Solution File, Format Version 12.00
# Visual Studio Version 17
VisualStudioVersion = 17.8.34408.163
MinimumVisualStudioVersion = 10.0.40219.1
Project("{9A19103F-16F7-4668-BE54-9A1E7A4F7556}") = "IoTCassandraAPI", "IoTCassandraAPI\IoTCassandraAPI.csproj", "{F436933D-DFBA-4E0F-BABB-1D339FC28DDC}"
EndProject
Project("{FAE04EC0-301F-11D3-BF4B-00C04F79EFBC}") = "ETL", "ETL\ETL.csproj", "{18629B6F-67CF-4681-89B5-4C5E62EB4591}"
EndProject
Project("{FAE04EC0-301F-11D3-BF4B-00C04F79EFBC}") = "Domain", "Domain\Domain.csproj", "{81AABE19-AC55-417C-ACFA-EBE96271BB25}"
EndProject
Global
	GlobalSection(SolutionConfigurationPlatforms) = preSolution
		Debug|Any CPU = Debug|Any CPU
		Release|Any CPU = Release|Any CPU
	EndGlobalSection
	GlobalSection(ProjectConfigurationPlatforms) = postSolution
		{F436933D-DFBA-4E0F-BABB-1D339FC28DDC}.Debug|Any CPU.ActiveCfg = Debug|Any CPU
		{F436933D-DFBA-4E0F-BABB-1D339FC28DDC}.Debug|Any CPU.Build.0 = Debug|Any CPU
		{F436933D-DFBA-4E0F-BABB-1D339FC28DDC}.Release|Any CPU.ActiveCfg = Release|Any CPU
		{F436933D-DFBA-4E0F-BABB-1D339FC28DDC}.Release|Any CPU.Build.0 = Release|Any CPU
		{18629B6F-67CF-4681-89B5-4C5E62EB4591}.Debug|Any CPU.ActiveCfg = Debug|Any CPU
		{18629B6F-67CF-4681-89B5-4C5E62EB4591}.Debug|Any CPU.Build.0 = Debug|Any CPU
		{18629B6F-67CF-4681-89B5-4C5E62EB4591}.Release|Any CPU.ActiveCfg = Release|Any CPU
		{18629B6F-67CF-4681-89B5-4C5E62EB4591}.Release|Any CPU.Build.0 = Release|Any CPU
		{81AABE19-AC55-417C-ACFA-EBE96271BB25}.Debug|Any CPU.ActiveCfg = Debug|Any CPU
		{81AABE19-AC55-417C-ACFA-EBE96271BB25}.Debug|Any CPU.Build.0 = Debug|Any CPU
		{81AABE19-AC55-417C-ACFA-EBE96271BB25}.Release|Any CPU.ActiveCfg = Release|Any CPU
		{81AABE19-AC55-417C-ACFA-EBE96271BB25}.Release|Any CPU.Build.0 = Release|Any CPU
	EndGlobalSection
	GlobalSection(SolutionProperties) = preSolution
		HideSolutionNode = FALSE
	EndGlobalSection
	GlobalSection(ExtensibilityGlobals) = postSolution
		SolutionGuid = {945F5FFB-D2A9-406C-9F9A-5AD7EF1E420C}
	EndGlobalSection
EndGlobal
