
Microsoft Visual Studio Solution File, Format Version 12.00
# Visual Studio Version 17
VisualStudioVersion = 17.9.34728.123
MinimumVisualStudioVersion = 10.0.40219.1
Project("{9A19103F-16F7-4668-BE54-9A1E7A4F7556}") = "IoTCassandraAPI", "IoTCassandraAPI\IoTCassandraAPI\IoTCassandraAPI.csproj", "{997F1DA6-208D-4E9A-98D6-07D751BFBB76}"
EndProject
Project("{9A19103F-16F7-4668-BE54-9A1E7A4F7556}") = "Domain", "Domain\Domain.csproj", "{3A0C3A2B-8390-4476-B01E-499413ACFD76}"
EndProject
Project("{9A19103F-16F7-4668-BE54-9A1E7A4F7556}") = "ETL", "ETL\ETL\ETL.csproj", "{4997ACBD-9B4A-4F32-86E6-80CDCF8B381E}"
EndProject
Global
	GlobalSection(SolutionConfigurationPlatforms) = preSolution
		Debug|Any CPU = Debug|Any CPU
		Release|Any CPU = Release|Any CPU
	EndGlobalSection
	GlobalSection(ProjectConfigurationPlatforms) = postSolution
		{997F1DA6-208D-4E9A-98D6-07D751BFBB76}.Debug|Any CPU.ActiveCfg = Debug|Any CPU
		{997F1DA6-208D-4E9A-98D6-07D751BFBB76}.Debug|Any CPU.Build.0 = Debug|Any CPU
		{997F1DA6-208D-4E9A-98D6-07D751BFBB76}.Release|Any CPU.ActiveCfg = Release|Any CPU
		{997F1DA6-208D-4E9A-98D6-07D751BFBB76}.Release|Any CPU.Build.0 = Release|Any CPU
		{3A0C3A2B-8390-4476-B01E-499413ACFD76}.Debug|Any CPU.ActiveCfg = Debug|Any CPU
		{3A0C3A2B-8390-4476-B01E-499413ACFD76}.Debug|Any CPU.Build.0 = Debug|Any CPU
		{3A0C3A2B-8390-4476-B01E-499413ACFD76}.Release|Any CPU.ActiveCfg = Release|Any CPU
		{3A0C3A2B-8390-4476-B01E-499413ACFD76}.Release|Any CPU.Build.0 = Release|Any CPU
		{4997ACBD-9B4A-4F32-86E6-80CDCF8B381E}.Debug|Any CPU.ActiveCfg = Debug|Any CPU
		{4997ACBD-9B4A-4F32-86E6-80CDCF8B381E}.Debug|Any CPU.Build.0 = Debug|Any CPU
		{4997ACBD-9B4A-4F32-86E6-80CDCF8B381E}.Release|Any CPU.ActiveCfg = Release|Any CPU
		{4997ACBD-9B4A-4F32-86E6-80CDCF8B381E}.Release|Any CPU.Build.0 = Release|Any CPU
	EndGlobalSection
	GlobalSection(SolutionProperties) = preSolution
		HideSolutionNode = FALSE
	EndGlobalSection
	GlobalSection(ExtensibilityGlobals) = postSolution
		SolutionGuid = {9D69E62E-B44A-4F95-ADFA-F5A89888CBCC}
	EndGlobalSection
EndGlobal
